
Microsoft Visual Studio Solution File, Format Version 12.00
# Visual Studio Version 16
VisualStudioVersion = 16.0.30011.22
MinimumVisualStudioVersion = 10.0.40219.1
Project("{FAE04EC0-301F-11D3-BF4B-00C04F79EFBC}") = "JetSnailControlLibrary.WPF", "JetSnailControlLibrary.WPF\JetSnailControlLibrary.WPF.csproj", "{BB495C38-ADA3-468E-882F-61481B90D6DA}"
EndProject
Project("{FAE04EC0-301F-11D3-BF4B-00C04F79EFBC}") = "JetSnailControlLibrary.WPF.Demo", "JetSnailControlLibrary.WPF.Demo\JetSnailControlLibrary.WPF.Demo.csproj", "{8BE14559-FFC6-416E-86D5-5EB02661C35D}"
EndProject
Global
	GlobalSection(SolutionConfigurationPlatforms) = preSolution
		Debug|Any CPU = Debug|Any CPU
		Release|Any CPU = Release|Any CPU
	EndGlobalSection
	GlobalSection(ProjectConfigurationPlatforms) = postSolution
		{BB495C38-ADA3-468E-882F-61481B90D6DA}.Debug|Any CPU.ActiveCfg = Debug|Any CPU
		{BB495C38-ADA3-468E-882F-61481B90D6DA}.Debug|Any CPU.Build.0 = Debug|Any CPU
		{BB495C38-ADA3-468E-882F-61481B90D6DA}.Release|Any CPU.ActiveCfg = Release|Any CPU
		{BB495C38-ADA3-468E-882F-61481B90D6DA}.Release|Any CPU.Build.0 = Release|Any CPU
		{8BE14559-FFC6-416E-86D5-5EB02661C35D}.Debug|Any CPU.ActiveCfg = Debug|Any CPU
		{8BE14559-FFC6-416E-86D5-5EB02661C35D}.Debug|Any CPU.Build.0 = Debug|Any CPU
		{8BE14559-FFC6-416E-86D5-5EB02661C35D}.Release|Any CPU.ActiveCfg = Release|Any CPU
		{8BE14559-FFC6-416E-86D5-5EB02661C35D}.Release|Any CPU.Build.0 = Release|Any CPU
	EndGlobalSection
	GlobalSection(SolutionProperties) = preSolution
		HideSolutionNode = FALSE
	EndGlobalSection
	GlobalSection(ExtensibilityGlobals) = postSolution
		SolutionGuid = {2DE4E4D5-7463-4058-BEA6-5086966BD639}
	EndGlobalSection
EndGlobal
